
Microsoft Visual Studio Solution File, Format Version 12.00
# Visual Studio 2013
VisualStudioVersion = 12.0.30501.0
MinimumVisualStudioVersion = 10.0.40219.1
Project("{8BC9CEB8-8B4A-11D0-8D11-00A0C91BC942}") = "lualib_5.3", "projects\lualib_5.3\lualib_5.3.vcxproj", "{36CBFC59-BE24-4DEE-87CF-D07931E9A5C6}"
EndProject
Project("{8BC9CEB8-8B4A-11D0-8D11-00A0C91BC942}") = "01_InitLua", "projects\01_InitLua\01_InitLua.vcxproj", "{236FBDB2-21A2-495F-8505-32554848F26B}"
EndProject
Project("{8BC9CEB8-8B4A-11D0-8D11-00A0C91BC942}") = "02_c_call_lua", "projects\02_c_call_lua\02_c_call_lua.vcxproj", "{E7B2FFAC-7225-4E25-BCEA-3DAD0970E13C}"
EndProject
Project("{8BC9CEB8-8B4A-11D0-8D11-00A0C91BC942}") = "03_lua_call_c", "projects\03_lua_call_c\03_lua_call_c.vcxproj", "{357EF590-CD4F-4C3B-AEC7-6FFB8A5BFCF7}"
EndProject
Project("{8BC9CEB8-8B4A-11D0-8D11-00A0C91BC942}") = "04_object_oriented_access", "projects\04_object_oriented_access\04_object_oriented_access.vcxproj", "{26146D29-7A4C-42A8-9363-C86E05DEE344}"
EndProject
Global
	GlobalSection(SolutionConfigurationPlatforms) = preSolution
		Debug|Win32 = Debug|Win32
		Release|Win32 = Release|Win32
	EndGlobalSection
	GlobalSection(ProjectConfigurationPlatforms) = postSolution
		{36CBFC59-BE24-4DEE-87CF-D07931E9A5C6}.Debug|Win32.ActiveCfg = Debug|Win32
		{36CBFC59-BE24-4DEE-87CF-D07931E9A5C6}.Debug|Win32.Build.0 = Debug|Win32
		{36CBFC59-BE24-4DEE-87CF-D07931E9A5C6}.Release|Win32.ActiveCfg = Release|Win32
		{36CBFC59-BE24-4DEE-87CF-D07931E9A5C6}.Release|Win32.Build.0 = Release|Win32
		{236FBDB2-21A2-495F-8505-32554848F26B}.Debug|Win32.ActiveCfg = Debug|Win32
		{236FBDB2-21A2-495F-8505-32554848F26B}.Debug|Win32.Build.0 = Debug|Win32
		{236FBDB2-21A2-495F-8505-32554848F26B}.Release|Win32.ActiveCfg = Release|Win32
		{236FBDB2-21A2-495F-8505-32554848F26B}.Release|Win32.Build.0 = Release|Win32
		{E7B2FFAC-7225-4E25-BCEA-3DAD0970E13C}.Debug|Win32.ActiveCfg = Debug|Win32
		{E7B2FFAC-7225-4E25-BCEA-3DAD0970E13C}.Debug|Win32.Build.0 = Debug|Win32
		{E7B2FFAC-7225-4E25-BCEA-3DAD0970E13C}.Release|Win32.ActiveCfg = Release|Win32
		{E7B2FFAC-7225-4E25-BCEA-3DAD0970E13C}.Release|Win32.Build.0 = Release|Win32
		{357EF590-CD4F-4C3B-AEC7-6FFB8A5BFCF7}.Debug|Win32.ActiveCfg = Debug|Win32
		{357EF590-CD4F-4C3B-AEC7-6FFB8A5BFCF7}.Debug|Win32.Build.0 = Debug|Win32
		{357EF590-CD4F-4C3B-AEC7-6FFB8A5BFCF7}.Release|Win32.ActiveCfg = Release|Win32
		{357EF590-CD4F-4C3B-AEC7-6FFB8A5BFCF7}.Release|Win32.Build.0 = Release|Win32
		{26146D29-7A4C-42A8-9363-C86E05DEE344}.Debug|Win32.ActiveCfg = Debug|Win32
		{26146D29-7A4C-42A8-9363-C86E05DEE344}.Debug|Win32.Build.0 = Debug|Win32
		{26146D29-7A4C-42A8-9363-C86E05DEE344}.Release|Win32.ActiveCfg = Release|Win32
		{26146D29-7A4C-42A8-9363-C86E05DEE344}.Release|Win32.Build.0 = Release|Win32
	EndGlobalSection
	GlobalSection(SolutionProperties) = preSolution
		HideSolutionNode = FALSE
	EndGlobalSection
EndGlobal
